
Microsoft Visual Studio Solution File, Format Version 12.00
# Visual Studio 15
VisualStudioVersion = 15.0.28307.645
MinimumVisualStudioVersion = 10.0.40219.1
Project("{FAE04EC0-301F-11D3-BF4B-00C04F79EFBC}") = "WideWorldImporters.API", "WideWorldImporters.API\WideWorldImporters.API.csproj", "{9BCEE117-CEF6-4194-9B59-ACD1CBD54E86}"
EndProject
Global
	GlobalSection(SolutionConfigurationPlatforms) = preSolution
		Debug|Any CPU = Debug|Any CPU
		Release|Any CPU = Release|Any CPU
	EndGlobalSection
	GlobalSection(ProjectConfigurationPlatforms) = postSolution
		{9BCEE117-CEF6-4194-9B59-ACD1CBD54E86}.Debug|Any CPU.ActiveCfg = Debug|Any CPU
		{9BCEE117-CEF6-4194-9B59-ACD1CBD54E86}.Debug|Any CPU.Build.0 = Debug|Any CPU
		{9BCEE117-CEF6-4194-9B59-ACD1CBD54E86}.Release|Any CPU.ActiveCfg = Release|Any CPU
		{9BCEE117-CEF6-4194-9B59-ACD1CBD54E86}.Release|Any CPU.Build.0 = Release|Any CPU
	EndGlobalSection
	GlobalSection(SolutionProperties) = preSolution
		HideSolutionNode = FALSE
	EndGlobalSection
	GlobalSection(ExtensibilityGlobals) = postSolution
		SolutionGuid = {7EC21957-F18D-46BA-923D-A60B6656477C}
	EndGlobalSection
EndGlobal
